
Microsoft Visual Studio Solution File, Format Version 12.00
# Visual Studio 15
VisualStudioVersion = 15.0.27703.1
MinimumVisualStudioVersion = 10.0.40219.1
Project("{FAE04EC0-301F-11D3-BF4B-00C04F79EFBC}") = "AssetTransfer", "AssetTransfer\AssetTransfer.csproj", "{724DFC8C-4B57-4C3F-811C-0463BE2A2829}"
EndProject
Project("{FAE04EC0-301F-11D3-BF4B-00C04F79EFBC}") = "AssetTransferServer", "AssetTransferServer\AssetTransferServer.csproj", "{A7706C84-92D2-4B7A-B779-76B64D2950EC}"
EndProject
Project("{FAE04EC0-301F-11D3-BF4B-00C04F79EFBC}") = "AssetTransferClient", "AssetTransferClient\AssetTransferClient.csproj", "{ACCF4597-3748-4117-8633-1CB767F8CCC3}"
EndProject
Project("{FAE04EC0-301F-11D3-BF4B-00C04F79EFBC}") = "AssetTest", "AssetTest\AssetTest.csproj", "{5E53A952-7FB5-4945-9E7C-8A0FACAACE5F}"
EndProject
Project("{FAE04EC0-301F-11D3-BF4B-00C04F79EFBC}") = "AssetBrowser", "AssetBrowser\AssetBrowser.csproj", "{EE3B9E64-5AF7-4F58-ABC4-868FA3965670}"
EndProject
Global
	GlobalSection(SolutionConfigurationPlatforms) = preSolution
		Debug|Any CPU = Debug|Any CPU
		Debug|x64 = Debug|x64
		Release|Any CPU = Release|Any CPU
		Release|x64 = Release|x64
	EndGlobalSection
	GlobalSection(ProjectConfigurationPlatforms) = postSolution
		{724DFC8C-4B57-4C3F-811C-0463BE2A2829}.Debug|Any CPU.ActiveCfg = Debug|Any CPU
		{724DFC8C-4B57-4C3F-811C-0463BE2A2829}.Debug|Any CPU.Build.0 = Debug|Any CPU
		{724DFC8C-4B57-4C3F-811C-0463BE2A2829}.Debug|x64.ActiveCfg = Debug|x64
		{724DFC8C-4B57-4C3F-811C-0463BE2A2829}.Debug|x64.Build.0 = Debug|x64
		{724DFC8C-4B57-4C3F-811C-0463BE2A2829}.Release|Any CPU.ActiveCfg = Release|Any CPU
		{724DFC8C-4B57-4C3F-811C-0463BE2A2829}.Release|Any CPU.Build.0 = Release|Any CPU
		{724DFC8C-4B57-4C3F-811C-0463BE2A2829}.Release|x64.ActiveCfg = Release|x64
		{724DFC8C-4B57-4C3F-811C-0463BE2A2829}.Release|x64.Build.0 = Release|x64
		{A7706C84-92D2-4B7A-B779-76B64D2950EC}.Debug|Any CPU.ActiveCfg = Debug|Any CPU
		{A7706C84-92D2-4B7A-B779-76B64D2950EC}.Debug|Any CPU.Build.0 = Debug|Any CPU
		{A7706C84-92D2-4B7A-B779-76B64D2950EC}.Debug|x64.ActiveCfg = Debug|x64
		{A7706C84-92D2-4B7A-B779-76B64D2950EC}.Debug|x64.Build.0 = Debug|x64
		{A7706C84-92D2-4B7A-B779-76B64D2950EC}.Release|Any CPU.ActiveCfg = Release|Any CPU
		{A7706C84-92D2-4B7A-B779-76B64D2950EC}.Release|Any CPU.Build.0 = Release|Any CPU
		{A7706C84-92D2-4B7A-B779-76B64D2950EC}.Release|x64.ActiveCfg = Release|x64
		{A7706C84-92D2-4B7A-B779-76B64D2950EC}.Release|x64.Build.0 = Release|x64
		{ACCF4597-3748-4117-8633-1CB767F8CCC3}.Debug|Any CPU.ActiveCfg = Debug|Any CPU
		{ACCF4597-3748-4117-8633-1CB767F8CCC3}.Debug|Any CPU.Build.0 = Debug|Any CPU
		{ACCF4597-3748-4117-8633-1CB767F8CCC3}.Debug|x64.ActiveCfg = Debug|x64
		{ACCF4597-3748-4117-8633-1CB767F8CCC3}.Debug|x64.Build.0 = Debug|x64
		{ACCF4597-3748-4117-8633-1CB767F8CCC3}.Release|Any CPU.ActiveCfg = Release|Any CPU
		{ACCF4597-3748-4117-8633-1CB767F8CCC3}.Release|Any CPU.Build.0 = Release|Any CPU
		{ACCF4597-3748-4117-8633-1CB767F8CCC3}.Release|x64.ActiveCfg = Release|x64
		{ACCF4597-3748-4117-8633-1CB767F8CCC3}.Release|x64.Build.0 = Release|x64
		{5E53A952-7FB5-4945-9E7C-8A0FACAACE5F}.Debug|Any CPU.ActiveCfg = Debug|Any CPU
		{5E53A952-7FB5-4945-9E7C-8A0FACAACE5F}.Debug|Any CPU.Build.0 = Debug|Any CPU
		{5E53A952-7FB5-4945-9E7C-8A0FACAACE5F}.Debug|x64.ActiveCfg = Debug|Any CPU
		{5E53A952-7FB5-4945-9E7C-8A0FACAACE5F}.Debug|x64.Build.0 = Debug|Any CPU
		{5E53A952-7FB5-4945-9E7C-8A0FACAACE5F}.Release|Any CPU.ActiveCfg = Release|Any CPU
		{5E53A952-7FB5-4945-9E7C-8A0FACAACE5F}.Release|Any CPU.Build.0 = Release|Any CPU
		{5E53A952-7FB5-4945-9E7C-8A0FACAACE5F}.Release|x64.ActiveCfg = Release|Any CPU
		{5E53A952-7FB5-4945-9E7C-8A0FACAACE5F}.Release|x64.Build.0 = Release|Any CPU
		{EE3B9E64-5AF7-4F58-ABC4-868FA3965670}.Debug|Any CPU.ActiveCfg = Debug|Any CPU
		{EE3B9E64-5AF7-4F58-ABC4-868FA3965670}.Debug|Any CPU.Build.0 = Debug|Any CPU
		{EE3B9E64-5AF7-4F58-ABC4-868FA3965670}.Debug|x64.ActiveCfg = Debug|Any CPU
		{EE3B9E64-5AF7-4F58-ABC4-868FA3965670}.Debug|x64.Build.0 = Debug|Any CPU
		{EE3B9E64-5AF7-4F58-ABC4-868FA3965670}.Release|Any CPU.ActiveCfg = Release|Any CPU
		{EE3B9E64-5AF7-4F58-ABC4-868FA3965670}.Release|Any CPU.Build.0 = Release|Any CPU
		{EE3B9E64-5AF7-4F58-ABC4-868FA3965670}.Release|x64.ActiveCfg = Release|Any CPU
		{EE3B9E64-5AF7-4F58-ABC4-868FA3965670}.Release|x64.Build.0 = Release|Any CPU
	EndGlobalSection
	GlobalSection(SolutionProperties) = preSolution
		HideSolutionNode = FALSE
	EndGlobalSection
	GlobalSection(ExtensibilityGlobals) = postSolution
		SolutionGuid = {8CDDB4BB-6A76-4810-AEF0-DF0485761D65}
	EndGlobalSection
	GlobalSection(MonoDevelopProperties) = preSolution
		StartupItem = AssetTransfer\AssetTransfer.csproj
	EndGlobalSection
EndGlobal
